
Microsoft Visual Studio Solution File, Format Version 12.00
# Visual Studio Version 16
VisualStudioVersion = 16.0.29318.209
MinimumVisualStudioVersion = 10.0.40219.1
Project("{9A19103F-16F7-4668-BE54-9A1E7A4F7556}") = "BlazorDual", "BlazorDual\BlazorDual.csproj", "{A1B77208-00C3-47C3-9503-C5E3D83F7488}"
	ProjectSection(ProjectDependencies) = postProject
		{C46E7CEB-52DA-4E38-B784-5B2EB39CB381} = {C46E7CEB-52DA-4E38-B784-5B2EB39CB381}
	EndProjectSection
EndProject
Project("{2150E333-8FDC-42A3-9474-1A3956D46DE8}") = "Solution Items", "Solution Items", "{B6E68A10-95CE-474D-9E17-0D009AD31771}"
	ProjectSection(SolutionItems) = preProject
		.gitignore = .gitignore
	EndProjectSection
EndProject
Project("{9A19103F-16F7-4668-BE54-9A1E7A4F7556}") = "BlazorDual.Common", "BlazorDual.Common\BlazorDual.Common.csproj", "{C46E7CEB-52DA-4E38-B784-5B2EB39CB381}"
EndProject
Global
	GlobalSection(SolutionConfigurationPlatforms) = preSolution
		Debug|Any CPU = Debug|Any CPU
		Release|Any CPU = Release|Any CPU
	EndGlobalSection
	GlobalSection(ProjectConfigurationPlatforms) = postSolution
		{A1B77208-00C3-47C3-9503-C5E3D83F7488}.Debug|Any CPU.ActiveCfg = Debug|Any CPU
		{A1B77208-00C3-47C3-9503-C5E3D83F7488}.Debug|Any CPU.Build.0 = Debug|Any CPU
		{A1B77208-00C3-47C3-9503-C5E3D83F7488}.Release|Any CPU.ActiveCfg = Release|Any CPU
		{A1B77208-00C3-47C3-9503-C5E3D83F7488}.Release|Any CPU.Build.0 = Release|Any CPU
		{C46E7CEB-52DA-4E38-B784-5B2EB39CB381}.Debug|Any CPU.ActiveCfg = Debug|Any CPU
		{C46E7CEB-52DA-4E38-B784-5B2EB39CB381}.Debug|Any CPU.Build.0 = Debug|Any CPU
		{C46E7CEB-52DA-4E38-B784-5B2EB39CB381}.Release|Any CPU.ActiveCfg = Release|Any CPU
		{C46E7CEB-52DA-4E38-B784-5B2EB39CB381}.Release|Any CPU.Build.0 = Release|Any CPU
	EndGlobalSection
	GlobalSection(SolutionProperties) = preSolution
		HideSolutionNode = FALSE
	EndGlobalSection
	GlobalSection(ExtensibilityGlobals) = postSolution
		SolutionGuid = {F2D42E77-87D2-489C-97BE-A5B78BC6D7F5}
	EndGlobalSection
EndGlobal
